
Microsoft Visual Studio Solution File, Format Version 12.00
# Visual Studio Version 17
VisualStudioVersion = 17.2.32616.157
MinimumVisualStudioVersion = 10.0.40219.1
Project("{FAE04EC0-301F-11D3-BF4B-00C04F79EFBC}") = "ListRandomizer", "ListRandomizer\ListRandomizer.csproj", "{82A121D2-519D-4A26-86CB-94EDDF92AE31}"
EndProject
Project("{FAE04EC0-301F-11D3-BF4B-00C04F79EFBC}") = "ListRandomizerTests", "ListRandomizerTests\ListRandomizerTests.csproj", "{A5B5AA11-8B42-4BFB-9699-1D924C8D0912}"
EndProject
Global
	GlobalSection(SolutionConfigurationPlatforms) = preSolution
		Debug|Any CPU = Debug|Any CPU
		Release|Any CPU = Release|Any CPU
	EndGlobalSection
	GlobalSection(ProjectConfigurationPlatforms) = postSolution
		{82A121D2-519D-4A26-86CB-94EDDF92AE31}.Debug|Any CPU.ActiveCfg = Debug|Any CPU
		{82A121D2-519D-4A26-86CB-94EDDF92AE31}.Debug|Any CPU.Build.0 = Debug|Any CPU
		{82A121D2-519D-4A26-86CB-94EDDF92AE31}.Release|Any CPU.ActiveCfg = Release|Any CPU
		{82A121D2-519D-4A26-86CB-94EDDF92AE31}.Release|Any CPU.Build.0 = Release|Any CPU
		{A5B5AA11-8B42-4BFB-9699-1D924C8D0912}.Debug|Any CPU.ActiveCfg = Debug|Any CPU
		{A5B5AA11-8B42-4BFB-9699-1D924C8D0912}.Debug|Any CPU.Build.0 = Debug|Any CPU
		{A5B5AA11-8B42-4BFB-9699-1D924C8D0912}.Release|Any CPU.ActiveCfg = Release|Any CPU
		{A5B5AA11-8B42-4BFB-9699-1D924C8D0912}.Release|Any CPU.Build.0 = Release|Any CPU
	EndGlobalSection
	GlobalSection(SolutionProperties) = preSolution
		HideSolutionNode = FALSE
	EndGlobalSection
	GlobalSection(ExtensibilityGlobals) = postSolution
		SolutionGuid = {299CDEE2-A56A-4318-AA85-5F751F544C77}
	EndGlobalSection
EndGlobal
